
Microsoft Visual Studio Solution File, Format Version 12.00
# Visual Studio Version 17
VisualStudioVersion = 17.1.32421.90
MinimumVisualStudioVersion = 10.0.40219.1
Project("{FAE04EC0-301F-11D3-BF4B-00C04F79EFBC}") = "Trabalho2", "Trabalho2\Trabalho2.csproj", "{35D036E3-93BD-4E5D-A92C-AE2578DCA464}"
EndProject
Global
	GlobalSection(SolutionConfigurationPlatforms) = preSolution
		Debug|Any CPU = Debug|Any CPU
		Release|Any CPU = Release|Any CPU
	EndGlobalSection
	GlobalSection(ProjectConfigurationPlatforms) = postSolution
		{35D036E3-93BD-4E5D-A92C-AE2578DCA464}.Debug|Any CPU.ActiveCfg = Debug|Any CPU
		{35D036E3-93BD-4E5D-A92C-AE2578DCA464}.Debug|Any CPU.Build.0 = Debug|Any CPU
		{35D036E3-93BD-4E5D-A92C-AE2578DCA464}.Release|Any CPU.ActiveCfg = Release|Any CPU
		{35D036E3-93BD-4E5D-A92C-AE2578DCA464}.Release|Any CPU.Build.0 = Release|Any CPU
	EndGlobalSection
	GlobalSection(SolutionProperties) = preSolution
		HideSolutionNode = FALSE
	EndGlobalSection
	GlobalSection(ExtensibilityGlobals) = postSolution
		SolutionGuid = {F5F26E6E-6C5A-4C1B-AE2A-C3A642052C19}
	EndGlobalSection
EndGlobal
