
Microsoft Visual Studio Solution File, Format Version 12.00
# Visual Studio Version 17
VisualStudioVersion = 17.1.32421.90
MinimumVisualStudioVersion = 10.0.40219.1
Project("{FAE04EC0-301F-11D3-BF4B-00C04F79EFBC}") = "Ex4", "Ex4\Ex4.csproj", "{AD19804C-CC30-41DC-ADE0-C2814C53363D}"
EndProject
Global
	GlobalSection(SolutionConfigurationPlatforms) = preSolution
		Debug|Any CPU = Debug|Any CPU
		Release|Any CPU = Release|Any CPU
	EndGlobalSection
	GlobalSection(ProjectConfigurationPlatforms) = postSolution
		{AD19804C-CC30-41DC-ADE0-C2814C53363D}.Debug|Any CPU.ActiveCfg = Debug|Any CPU
		{AD19804C-CC30-41DC-ADE0-C2814C53363D}.Debug|Any CPU.Build.0 = Debug|Any CPU
		{AD19804C-CC30-41DC-ADE0-C2814C53363D}.Release|Any CPU.ActiveCfg = Release|Any CPU
		{AD19804C-CC30-41DC-ADE0-C2814C53363D}.Release|Any CPU.Build.0 = Release|Any CPU
	EndGlobalSection
	GlobalSection(SolutionProperties) = preSolution
		HideSolutionNode = FALSE
	EndGlobalSection
	GlobalSection(ExtensibilityGlobals) = postSolution
		SolutionGuid = {FC0229A6-F01B-43B4-88D7-13784DF4D7FF}
	EndGlobalSection
EndGlobal
